
Microsoft Visual Studio Solution File, Format Version 12.00
# Visual Studio Version 16
VisualStudioVersion = 16.0.30320.27
MinimumVisualStudioVersion = 10.0.40219.1
Project("{FAE04EC0-301F-11D3-BF4B-00C04F79EFBC}") = "DropDownInMVC", "DropDownInMVC\DropDownInMVC.csproj", "{0C2D343D-61C2-4962-9759-5FA6B1665627}"
EndProject
Global
	GlobalSection(SolutionConfigurationPlatforms) = preSolution
		Debug|Any CPU = Debug|Any CPU
		Release|Any CPU = Release|Any CPU
	EndGlobalSection
	GlobalSection(ProjectConfigurationPlatforms) = postSolution
		{0C2D343D-61C2-4962-9759-5FA6B1665627}.Debug|Any CPU.ActiveCfg = Debug|Any CPU
		{0C2D343D-61C2-4962-9759-5FA6B1665627}.Debug|Any CPU.Build.0 = Debug|Any CPU
		{0C2D343D-61C2-4962-9759-5FA6B1665627}.Release|Any CPU.ActiveCfg = Release|Any CPU
		{0C2D343D-61C2-4962-9759-5FA6B1665627}.Release|Any CPU.Build.0 = Release|Any CPU
	EndGlobalSection
	GlobalSection(SolutionProperties) = preSolution
		HideSolutionNode = FALSE
	EndGlobalSection
	GlobalSection(ExtensibilityGlobals) = postSolution
		SolutionGuid = {68399341-4925-4528-9C1E-5D2C77F4C165}
	EndGlobalSection
EndGlobal
